// !$*UTF8*$!
{
	archiveVersion = 1;
	classes = {
	};
	objectVersion = 51;
	objects = {

/* Begin PBXBuildFile section */
		1070AF61F7DEA6DA2F797F07 /* Pods_Chat.framework in Frameworks */ = {isa = PBXBuildFile; fileRef = 993528CE70FB1B3B6E92F960 /* Pods_Chat.framework */; };
		2685C2B323E6114500FFF685 /* AppDelegate.swift in Sources */ = {isa = PBXBuildFile; fileRef = 2685C2B223E6114500FFF685 /* AppDelegate.swift */; };
		2685C2B523E6114500FFF685 /* SceneDelegate.swift in Sources */ = {isa = PBXBuildFile; fileRef = 2685C2B423E6114500FFF685 /* SceneDelegate.swift */; };
		2685C2B723E6114500FFF685 /* ChatViewController.swift in Sources */ = {isa = PBXBuildFile; fileRef = 2685C2B623E6114500FFF685 /* ChatViewController.swift */; };
		2685C2BA23E6114500FFF685 /* Main.storyboard in Resources */ = {isa = PBXBuildFile; fileRef = 2685C2B823E6114500FFF685 /* Main.storyboard */; };
		2685C2BC23E6114600FFF685 /* Assets.xcassets in Resources */ = {isa = PBXBuildFile; fileRef = 2685C2BB23E6114600FFF685 /* Assets.xcassets */; };
		2685C2BF23E6114600FFF685 /* LaunchScreen.storyboard in Resources */ = {isa = PBXBuildFile; fileRef = 2685C2BD23E6114600FFF685 /* LaunchScreen.storyboard */; };
		2685C2C723E6126F00FFF685 /* Podfile in Resources */ = {isa = PBXBuildFile; fileRef = 2685C2C623E6126F00FFF685 /* Podfile */; };
		2690934123E615D8007410A2 /* GoogleService-Info.plist in Resources */ = {isa = PBXBuildFile; fileRef = 2690934023E615D8007410A2 /* GoogleService-Info.plist */; };
		2690934323E616A2007410A2 /* Constants.swift in Sources */ = {isa = PBXBuildFile; fileRef = 2690934223E616A2007410A2 /* Constants.swift */; };
/* End PBXBuildFile section */

/* Begin PBXFileReference section */
		2685C2AF23E6114500FFF685 /* MedChat.app */ = {isa = PBXFileReference; explicitFileType = wrapper.application; includeInIndex = 0; path = MedChat.app; sourceTree = BUILT_PRODUCTS_DIR; };
		2685C2B223E6114500FFF685 /* AppDelegate.swift */ = {isa = PBXFileReference; lastKnownFileType = sourcecode.swift; path = AppDelegate.swift; sourceTree = "<group>"; };
		2685C2B423E6114500FFF685 /* SceneDelegate.swift */ = {isa = PBXFileReference; lastKnownFileType = sourcecode.swift; path = SceneDelegate.swift; sourceTree = "<group>"; };
		2685C2B623E6114500FFF685 /* ChatViewController.swift */ = {isa = PBXFileReference; lastKnownFileType = sourcecode.swift; path = ChatViewController.swift; sourceTree = "<group>"; };
		2685C2B923E6114500FFF685 /* Base */ = {isa = PBXFileReference; lastKnownFileType = file.storyboard; name = Base; path = Base.lproj/Main.storyboard; sourceTree = "<group>"; };
		2685C2BB23E6114600FFF685 /* Assets.xcassets */ = {isa = PBXFileReference; lastKnownFileType = folder.assetcatalog; path = Assets.xcassets; sourceTree = "<group>"; };
		2685C2BE23E6114600FFF685 /* Base */ = {isa = PBXFileReference; lastKnownFileType = file.storyboard; name = Base; path = Base.lproj/LaunchScreen.storyboard; sourceTree = "<group>"; };
		2685C2C023E6114600FFF685 /* Info.plist */ = {isa = PBXFileReference; lastKnownFileType = text.plist.xml; path = Info.plist; sourceTree = "<group>"; };
		2685C2C623E6126F00FFF685 /* Podfile */ = {isa = PBXFileReference; lastKnownFileType = text; path = Podfile; sourceTree = "<group>"; xcLanguageSpecificationIdentifier = xcode.lang.ruby; };
		2690933F23E613C6007410A2 /* Bridging-Header.h */ = {isa = PBXFileReference; lastKnownFileType = sourcecode.c.h; path = "Bridging-Header.h"; sourceTree = "<group>"; };
		2690934023E615D8007410A2 /* GoogleService-Info.plist */ = {isa = PBXFileReference; fileEncoding = 4; lastKnownFileType = text.plist.xml; path = "GoogleService-Info.plist"; sourceTree = "<group>"; };
		2690934223E616A2007410A2 /* Constants.swift */ = {isa = PBXFileReference; lastKnownFileType = sourcecode.swift; path = Constants.swift; sourceTree = "<group>"; };
		49D1660423A29F45851E1622 /* Pods-Chat.debug.xcconfig */ = {isa = PBXFileReference; includeInIndex = 1; lastKnownFileType = text.xcconfig; name = "Pods-Chat.debug.xcconfig"; path = "Target Support Files/Pods-Chat/Pods-Chat.debug.xcconfig"; sourceTree = "<group>"; };
		993528CE70FB1B3B6E92F960 /* Pods_Chat.framework */ = {isa = PBXFileReference; explicitFileType = wrapper.framework; includeInIndex = 0; path = Pods_Chat.framework; sourceTree = BUILT_PRODUCTS_DIR; };
		AC053B01D91F1FB5130F5846 /* Pods-Chat.release.xcconfig */ = {isa = PBXFileReference; includeInIndex = 1; lastKnownFileType = text.xcconfig; name = "Pods-Chat.release.xcconfig"; path = "Target Support Files/Pods-Chat/Pods-Chat.release.xcconfig"; sourceTree = "<group>"; };
/* End PBXFileReference section */

/* Begin PBXFrameworksBuildPhase section */
		2685C2AC23E6114500FFF685 /* Frameworks */ = {
			isa = PBXFrameworksBuildPhase;
			buildActionMask = 2147483647;
			files = (
				1070AF61F7DEA6DA2F797F07 /* Pods_Chat.framework in Frameworks */,
			);
			runOnlyForDeploymentPostprocessing = 0;
		};
/* End PBXFrameworksBuildPhase section */

/* Begin PBXGroup section */
		2685C2A623E6114500FFF685 = {
			isa = PBXGroup;
			children = (
				2690933F23E613C6007410A2 /* Bridging-Header.h */,
				2685C2C623E6126F00FFF685 /* Podfile */,
				2685C2B123E6114500FFF685 /* Chat */,
				2685C2B023E6114500FFF685 /* Products */,
				FA9E171B58CDE47DA68157C3 /* Pods */,
				2B9A0D8AFBDA26E7BA5E5211 /* Frameworks */,
			);
			sourceTree = "<group>";
		};
		2685C2B023E6114500FFF685 /* Products */ = {
			isa = PBXGroup;
			children = (
				2685C2AF23E6114500FFF685 /* MedChat.app */,
			);
			name = Products;
			sourceTree = "<group>";
		};
		2685C2B123E6114500FFF685 /* Chat */ = {
			isa = PBXGroup;
			children = (
				2690934223E616A2007410A2 /* Constants.swift */,
				2690934023E615D8007410A2 /* GoogleService-Info.plist */,
				2685C2B223E6114500FFF685 /* AppDelegate.swift */,
				2685C2B423E6114500FFF685 /* SceneDelegate.swift */,
				2685C2B623E6114500FFF685 /* ChatViewController.swift */,
				2685C2B823E6114500FFF685 /* Main.storyboard */,
				2685C2BB23E6114600FFF685 /* Assets.xcassets */,
				2685C2BD23E6114600FFF685 /* LaunchScreen.storyboard */,
				2685C2C023E6114600FFF685 /* Info.plist */,
			);
			path = Chat;
			sourceTree = "<group>";
		};
		2B9A0D8AFBDA26E7BA5E5211 /* Frameworks */ = {
			isa = PBXGroup;
			children = (
				993528CE70FB1B3B6E92F960 /* Pods_Chat.framework */,
			);
			name = Frameworks;
			sourceTree = "<group>";
		};
		FA9E171B58CDE47DA68157C3 /* Pods */ = {
			isa = PBXGroup;
			children = (
				49D1660423A29F45851E1622 /* Pods-Chat.debug.xcconfig */,
				AC053B01D91F1FB5130F5846 /* Pods-Chat.release.xcconfig */,
			);
			path = Pods;
			sourceTree = "<group>";
		};
/* End PBXGroup section */

/* Begin PBXNativeTarget section */
		2685C2AE23E6114500FFF685 /* Chat */ = {
			isa = PBXNativeTarget;
			buildConfigurationList = 2685C2C323E6114600FFF685 /* Build configuration list for PBXNativeTarget "Chat" */;
			buildPhases = (
				DCA3DE529B4CD703B967CA8F /* [CP] Check Pods Manifest.lock */,
				2685C2AB23E6114500FFF685 /* Sources */,
				2685C2AC23E6114500FFF685 /* Frameworks */,
				2685C2AD23E6114500FFF685 /* Resources */,
				AB1E15C1333B13116B78B36A /* [CP] Embed Pods Frameworks */,
			);
			buildRules = (
			);
			dependencies = (
			);
			name = Chat;
			productName = Chat;
			productReference = 2685C2AF23E6114500FFF685 /* MedChat.app */;
			productType = "com.apple.product-type.application";
		};
/* End PBXNativeTarget section */

/* Begin PBXProject section */
		2685C2A723E6114500FFF685 /* Project object */ = {
			isa = PBXProject;
			attributes = {
				LastSwiftUpdateCheck = 1130;
				LastUpgradeCheck = 1130;
				ORGANIZATIONNAME = None;
				TargetAttributes = {
					2685C2AE23E6114500FFF685 = {
						CreatedOnToolsVersion = 11.3.1;
					};
				};
			};
			buildConfigurationList = 2685C2AA23E6114500FFF685 /* Build configuration list for PBXProject "Chat" */;
			compatibilityVersion = "Xcode 9.3";
			developmentRegion = en;
			hasScannedForEncodings = 0;
			knownRegions = (
				en,
				Base,
			);
			mainGroup = 2685C2A623E6114500FFF685;
			productRefGroup = 2685C2B023E6114500FFF685 /* Products */;
			projectDirPath = "";
			projectRoot = "";
			targets = (
				2685C2AE23E6114500FFF685 /* Chat */,
			);
		};
/* End PBXProject section */

/* Begin PBXResourcesBuildPhase section */
		2685C2AD23E6114500FFF685 /* Resources */ = {
			isa = PBXResourcesBuildPhase;
			buildActionMask = 2147483647;
			files = (
				2685C2BF23E6114600FFF685 /* LaunchScreen.storyboard in Resources */,
				2685C2BC23E6114600FFF685 /* Assets.xcassets in Resources */,
				2690934123E615D8007410A2 /* GoogleService-Info.plist in Resources */,
				2685C2C723E6126F00FFF685 /* Podfile in Resources */,
				2685C2BA23E6114500FFF685 /* Main.storyboard in Resources */,
			);
			runOnlyForDeploymentPostprocessing = 0;
		};
/* End PBXResourcesBuildPhase section */

/* Begin PBXShellScriptBuildPhase section */
		AB1E15C1333B13116B78B36A /* [CP] Embed Pods Frameworks */ = {
			isa = PBXShellScriptBuildPhase;
			buildActionMask = 2147483647;
			files = (
			);
			inputFileListPaths = (
				"${PODS_ROOT}/Target Support Files/Pods-Chat/Pods-Chat-frameworks-${CONFIGURATION}-input-files.xcfilelist",
			);
			name = "[CP] Embed Pods Frameworks";
			outputFileListPaths = (
				"${PODS_ROOT}/Target Support Files/Pods-Chat/Pods-Chat-frameworks-${CONFIGURATION}-output-files.xcfilelist",
			);
			runOnlyForDeploymentPostprocessing = 0;
			shellPath = /bin/sh;
			shellScript = "\"${PODS_ROOT}/Target Support Files/Pods-Chat/Pods-Chat-frameworks.sh\"\n";
			showEnvVarsInLog = 0;
		};
		DCA3DE529B4CD703B967CA8F /* [CP] Check Pods Manifest.lock */ = {
			isa = PBXShellScriptBuildPhase;
			buildActionMask = 2147483647;
			files = (
			);
			inputFileListPaths = (
			);
			inputPaths = (
				"${PODS_PODFILE_DIR_PATH}/Podfile.lock",
				"${PODS_ROOT}/Manifest.lock",
			);
			name = "[CP] Check Pods Manifest.lock";
			outputFileListPaths = (
			);
			outputPaths = (
				"$(DERIVED_FILE_DIR)/Pods-Chat-checkManifestLockResult.txt",
			);
			runOnlyForDeploymentPostprocessing = 0;
			shellPath = /bin/sh;
			shellScript = "diff \"${PODS_PODFILE_DIR_PATH}/Podfile.lock\" \"${PODS_ROOT}/Manifest.lock\" > /dev/null\nif [ $? != 0 ] ; then\n    # print error to STDERR\n    echo \"error: The sandbox is not in sync with the Podfile.lock. Run 'pod install' or update your CocoaPods installation.\" >&2\n    exit 1\nfi\n# This output is used by Xcode 'outputs' to avoid re-running this script phase.\necho \"SUCCESS\" > \"${SCRIPT_OUTPUT_FILE_0}\"\n";
			showEnvVarsInLog = 0;
		};
/* End PBXShellScriptBuildPhase section */

/* Begin PBXSourcesBuildPhase section */
		2685C2AB23E6114500FFF685 /* Sources */ = {
			isa = PBXSourcesBuildPhase;
			buildActionMask = 2147483647;
			files = (
				2685C2B723E6114500FFF685 /* ChatViewController.swift in Sources */,
				2685C2B323E6114500FFF685 /* AppDelegate.swift in Sources */,
				2685C2B523E6114500FFF685 /* SceneDelegate.swift in Sources */,
				2690934323E616A2007410A2 /* Constants.swift in Sources */,
			);
			runOnlyForDeploymentPostprocessing = 0;
		};
/* End PBXSourcesBuildPhase section */

/* Begin PBXVariantGroup section */
		2685C2B823E6114500FFF685 /* Main.storyboard */ = {
			isa = PBXVariantGroup;
			children = (
				2685C2B923E6114500FFF685 /* Base */,
			);
			name = Main.storyboard;
			sourceTree = "<group>";
		};
		2685C2BD23E6114600FFF685 /* LaunchScreen.storyboard */ = {
			isa = PBXVariantGroup;
			children = (
				2685C2BE23E6114600FFF685 /* Base */,
			);
			name = LaunchScreen.storyboard;
			sourceTree = "<group>";
		};
/* End PBXVariantGroup section */

/* Begin XCBuildConfiguration section */
		2685C2C123E6114600FFF685 /* Debug */ = {
			isa = XCBuildConfiguration;
			buildSettings = {
				ALWAYS_SEARCH_USER_PATHS = NO;
				CLANG_ANALYZER_NONNULL = YES;
				CLANG_ANALYZER_NUMBER_OBJECT_CONVERSION = YES_AGGRESSIVE;
				CLANG_CXX_LANGUAGE_STANDARD = "gnu++14";
				CLANG_CXX_LIBRARY = "libc++";
				CLANG_ENABLE_MODULES = YES;
				CLANG_ENABLE_OBJC_ARC = YES;
				CLANG_ENABLE_OBJC_WEAK = YES;
				CLANG_WARN_BLOCK_CAPTURE_AUTORELEASING = YES;
				CLANG_WARN_BOOL_CONVERSION = YES;
				CLANG_WARN_COMMA = YES;
				CLANG_WARN_CONSTANT_CONVERSION = YES;
				CLANG_WARN_DEPRECATED_OBJC_IMPLEMENTATIONS = YES;
				CLANG_WARN_DIRECT_OBJC_ISA_USAGE = YES_ERROR;
				CLANG_WARN_DOCUMENTATION_COMMENTS = YES;
				CLANG_WARN_EMPTY_BODY = YES;
				CLANG_WARN_ENUM_CONVERSION = YES;
				CLANG_WARN_INFINITE_RECURSION = YES;
				CLANG_WARN_INT_CONVERSION = YES;
				CLANG_WARN_NON_LITERAL_NULL_CONVERSION = YES;
				CLANG_WARN_OBJC_IMPLICIT_RETAIN_SELF = YES;
				CLANG_WARN_OBJC_LITERAL_CONVERSION = YES;
				CLANG_WARN_OBJC_ROOT_CLASS = YES_ERROR;
				CLANG_WARN_RANGE_LOOP_ANALYSIS = YES;
				CLANG_WARN_STRICT_PROTOTYPES = YES;
				CLANG_WARN_SUSPICIOUS_MOVE = YES;
				CLANG_WARN_UNGUARDED_AVAILABILITY = YES_AGGRESSIVE;
				CLANG_WARN_UNREACHABLE_CODE = YES;
				CLANG_WARN__DUPLICATE_METHOD_MATCH = YES;
				COPY_PHASE_STRIP = NO;
				DEBUG_INFORMATION_FORMAT = dwarf;
				ENABLE_STRICT_OBJC_MSGSEND = YES;
				ENABLE_TESTABILITY = YES;
				GCC_C_LANGUAGE_STANDARD = gnu11;
				GCC_DYNAMIC_NO_PIC = NO;
				GCC_NO_COMMON_BLOCKS = YES;
				GCC_OPTIMIZATION_LEVEL = 0;
				GCC_PREPROCESSOR_DEFINITIONS = (
					"DEBUG=1",
					"$(inherited)",
				);
				GCC_WARN_64_TO_32_BIT_CONVERSION = YES;
				GCC_WARN_ABOUT_RETURN_TYPE = YES_ERROR;
				GCC_WARN_UNDECLARED_SELECTOR = YES;
				GCC_WARN_UNINITIALIZED_AUTOS = YES_AGGRESSIVE;
				GCC_WARN_UNUSED_FUNCTION = YES;
				GCC_WARN_UNUSED_VARIABLE = YES;
				IPHONEOS_DEPLOYMENT_TARGET = 13.2;
				MTL_ENABLE_DEBUG_INFO = INCLUDE_SOURCE;
				MTL_FAST_MATH = YES;
				ONLY_ACTIVE_ARCH = YES;
				SDKROOT = iphoneos;
				SWIFT_ACTIVE_COMPILATION_CONDITIONS = DEBUG;
				SWIFT_OPTIMIZATION_LEVEL = "-Onone";
			};
			name = Debug;
		};
		2685C2C223E6114600FFF685 /* Release */ = {
			isa = XCBuildConfiguration;
			buildSettings = {
				ALWAYS_SEARCH_USER_PATHS = NO;
				CLANG_ANALYZER_NONNULL = YES;
				CLANG_ANALYZER_NUMBER_OBJECT_CONVERSION = YES_AGGRESSIVE;
				CLANG_CXX_LANGUAGE_STANDARD = "gnu++14";
				CLANG_CXX_LIBRARY = "libc++";
				CLANG_ENABLE_MODULES = YES;
				CLANG_ENABLE_OBJC_ARC = YES;
				CLANG_ENABLE_OBJC_WEAK = YES;
				CLANG_WARN_BLOCK_CAPTURE_AUTORELEASING = YES;
				CLANG_WARN_BOOL_CONVERSION = YES;
				CLANG_WARN_COMMA = YES;
				CLANG_WARN_CONSTANT_CONVERSION = YES;
				CLANG_WARN_DEPRECATED_OBJC_IMPLEMENTATIONS = YES;
				CLANG_WARN_DIRECT_OBJC_ISA_USAGE = YES_ERROR;
				CLANG_WARN_DOCUMENTATION_COMMENTS = YES;
				CLANG_WARN_EMPTY_BODY = YES;
				CLANG_WARN_ENUM_CONVERSION = YES;
				CLANG_WARN_INFINITE_RECURSION = YES;
				CLANG_WARN_INT_CONVERSION = YES;
				CLANG_WARN_NON_LITERAL_NULL_CONVERSION = YES;
				CLANG_WARN_OBJC_IMPLICIT_RETAIN_SELF = YES;
				CLANG_WARN_OBJC_LITERAL_CONVERSION = YES;
				CLANG_WARN_OBJC_ROOT_CLASS = YES_ERROR;
				CLANG_WARN_RANGE_LOOP_ANALYSIS = YES;
				CLANG_WARN_STRICT_PROTOTYPES = YES;
				CLANG_WARN_SUSPICIOUS_MOVE = YES;
				CLANG_WARN_UNGUARDED_AVAILABILITY = YES_AGGRESSIVE;
				CLANG_WARN_UNREACHABLE_CODE = YES;
				CLANG_WARN__DUPLICATE_METHOD_MATCH = YES;
				COPY_PHASE_STRIP = NO;
				DEBUG_INFORMATION_FORMAT = "dwarf-with-dsym";
				ENABLE_NS_ASSERTIONS = NO;
				ENABLE_STRICT_OBJC_MSGSEND = YES;
				GCC_C_LANGUAGE_STANDARD = gnu11;
				GCC_NO_COMMON_BLOCKS = YES;
				GCC_WARN_64_TO_32_BIT_CONVERSION = YES;
				GCC_WARN_ABOUT_RETURN_TYPE = YES_ERROR;
				GCC_WARN_UNDECLARED_SELECTOR = YES;
				GCC_WARN_UNINITIALIZED_AUTOS = YES_AGGRESSIVE;
				GCC_WARN_UNUSED_FUNCTION = YES;
				GCC_WARN_UNUSED_VARIABLE = YES;
				IPHONEOS_DEPLOYMENT_TARGET = 13.2;
				MTL_ENABLE_DEBUG_INFO = NO;
				MTL_FAST_MATH = YES;
				SDKROOT = iphoneos;
				SWIFT_COMPILATION_MODE = wholemodule;
				SWIFT_OPTIMIZATION_LEVEL = "-O";
				VALIDATE_PRODUCT = YES;
			};
			name = Release;
		};
		2685C2C423E6114600FFF685 /* Debug */ = {
			isa = XCBuildConfiguration;
			baseConfigurationReference = 49D1660423A29F45851E1622 /* Pods-Chat.debug.xcconfig */;
			buildSettings = {
				ASSETCATALOG_COMPILER_APPICON_NAME = AppIcon;
				CODE_SIGN_STYLE = Automatic;
				DEVELOPMENT_TEAM = G9U49UJ5Z4;
				INFOPLIST_FILE = Chat/Info.plist;
				LD_RUNPATH_SEARCH_PATHS = (
					"$(inherited)",
					"@executable_path/Frameworks",
				);
				PRODUCT_BUNDLE_IDENTIFIER = com.medchat;
				PRODUCT_NAME = MedChat;
				SWIFT_OBJC_BRIDGING_HEADER = "Bridging-Header.h";
				SWIFT_VERSION = 5.0;
				TARGETED_DEVICE_FAMILY = "1,2";
			};
			name = Debug;
		};
		2685C2C523E6114600FFF685 /* Release */ = {
			isa = XCBuildConfiguration;
			baseConfigurationReference = AC053B01D91F1FB5130F5846 /* Pods-Chat.release.xcconfig */;
			buildSettings = {
				ASSETCATALOG_COMPILER_APPICON_NAME = AppIcon;
				CODE_SIGN_STYLE = Automatic;
				DEVELOPMENT_TEAM = G9U49UJ5Z4;
				INFOPLIST_FILE = Chat/Info.plist;
				LD_RUNPATH_SEARCH_PATHS = (
					"$(inherited)",
					"@executable_path/Frameworks",
				);
				PRODUCT_BUNDLE_IDENTIFIER = com.medchat;
				PRODUCT_NAME = MedChat;
				SWIFT_OBJC_BRIDGING_HEADER = "Bridging-Header.h";
				SWIFT_VERSION = 5.0;
				TARGETED_DEVICE_FAMILY = "1,2";
			};
			name = Release;
		};
/* End XCBuildConfiguration section */

/* Begin XCConfigurationList section */
		2685C2AA23E6114500FFF685 /* Build configuration list for PBXProject "Chat" */ = {
			isa = XCConfigurationList;
			buildConfigurations = (
				2685C2C123E6114600FFF685 /* Debug */,
				2685C2C223E6114600FFF685 /* Release */,
			);
			defaultConfigurationIsVisible = 0;
			defaultConfigurationName = Release;
		};
		2685C2C323E6114600FFF685 /* Build configuration list for PBXNativeTarget "Chat" */ = {
			isa = XCConfigurationList;
			buildConfigurations = (
				2685C2C423E6114600FFF685 /* Debug */,
				2685C2C523E6114600FFF685 /* Release */,
			);
			defaultConfigurationIsVisible = 0;
			defaultConfigurationName = Release;
		};
/* End XCConfigurationList section */
	};
	rootObject = 2685C2A723E6114500FFF685 /* Project object */;
}
